
Microsoft Visual Studio Solution File, Format Version 12.00
# Visual Studio Version 17
VisualStudioVersion = 17.0.32014.148
MinimumVisualStudioVersion = 10.0.40219.1
Project("{FAE04EC0-301F-11D3-BF4B-00C04F79EFBC}") = "PSP02_Thread_Monitor3", "PSP02_Thread_Monitor3\PSP02_Thread_Monitor3.csproj", "{A1D49310-4B23-4C62-9DA5-640E26E45EF0}"
EndProject
Global
	GlobalSection(SolutionConfigurationPlatforms) = preSolution
		Debug|Any CPU = Debug|Any CPU
		Release|Any CPU = Release|Any CPU
	EndGlobalSection
	GlobalSection(ProjectConfigurationPlatforms) = postSolution
		{A1D49310-4B23-4C62-9DA5-640E26E45EF0}.Debug|Any CPU.ActiveCfg = Debug|Any CPU
		{A1D49310-4B23-4C62-9DA5-640E26E45EF0}.Debug|Any CPU.Build.0 = Debug|Any CPU
		{A1D49310-4B23-4C62-9DA5-640E26E45EF0}.Release|Any CPU.ActiveCfg = Release|Any CPU
		{A1D49310-4B23-4C62-9DA5-640E26E45EF0}.Release|Any CPU.Build.0 = Release|Any CPU
	EndGlobalSection
	GlobalSection(SolutionProperties) = preSolution
		HideSolutionNode = FALSE
	EndGlobalSection
	GlobalSection(ExtensibilityGlobals) = postSolution
		SolutionGuid = {E4444A52-520A-458C-A7A1-252D8B87E68C}
	EndGlobalSection
EndGlobal
