
Microsoft Visual Studio Solution File, Format Version 12.00
# Visual Studio Version 17
VisualStudioVersion = 17.0.32126.317
MinimumVisualStudioVersion = 10.0.40219.1
Project("{FAE04EC0-301F-11D3-BF4B-00C04F79EFBC}") = "PSP04_FTP_BorrarFichero", "PSP04_FTP_BorrarFichero.csproj", "{30E72FCE-2349-4BB3-9AAF-F4C69B64180A}"
EndProject
Global
	GlobalSection(SolutionConfigurationPlatforms) = preSolution
		Debug|Any CPU = Debug|Any CPU
		Release|Any CPU = Release|Any CPU
	EndGlobalSection
	GlobalSection(ProjectConfigurationPlatforms) = postSolution
		{30E72FCE-2349-4BB3-9AAF-F4C69B64180A}.Debug|Any CPU.ActiveCfg = Debug|Any CPU
		{30E72FCE-2349-4BB3-9AAF-F4C69B64180A}.Debug|Any CPU.Build.0 = Debug|Any CPU
		{30E72FCE-2349-4BB3-9AAF-F4C69B64180A}.Release|Any CPU.ActiveCfg = Release|Any CPU
		{30E72FCE-2349-4BB3-9AAF-F4C69B64180A}.Release|Any CPU.Build.0 = Release|Any CPU
	EndGlobalSection
	GlobalSection(SolutionProperties) = preSolution
		HideSolutionNode = FALSE
	EndGlobalSection
	GlobalSection(ExtensibilityGlobals) = postSolution
		SolutionGuid = {1058D4D7-2F56-4D72-86C1-2AF08EFA3633}
	EndGlobalSection
EndGlobal
