
Microsoft Visual Studio Solution File, Format Version 12.00
# Visual Studio Version 16
VisualStudioVersion = 16.0.31129.286
MinimumVisualStudioVersion = 10.0.40219.1
Project("{9A19103F-16F7-4668-BE54-9A1E7A4F7556}") = "PSP03_TCP_Asíncrono_Servidor", "PSP03_TCP_Asíncrono_Servidor.csproj", "{0FF9B3AE-11C1-46C0-94C7-FA336A1C5EB6}"
EndProject
Project("{9A19103F-16F7-4668-BE54-9A1E7A4F7556}") = "PSP03_TCP_Asincrono_Cliente", "PSP03_TCP_Asincrono_Cliente.csproj", "{8184633E-444B-4448-A319-016A947FB7AE}"
EndProject
Global
	GlobalSection(SolutionConfigurationPlatforms) = preSolution
		Debug|Any CPU = Debug|Any CPU
		Release|Any CPU = Release|Any CPU
	EndGlobalSection
	GlobalSection(ProjectConfigurationPlatforms) = postSolution
		{0FF9B3AE-11C1-46C0-94C7-FA336A1C5EB6}.Debug|Any CPU.ActiveCfg = Debug|Any CPU
		{0FF9B3AE-11C1-46C0-94C7-FA336A1C5EB6}.Debug|Any CPU.Build.0 = Debug|Any CPU
		{0FF9B3AE-11C1-46C0-94C7-FA336A1C5EB6}.Release|Any CPU.ActiveCfg = Release|Any CPU
		{0FF9B3AE-11C1-46C0-94C7-FA336A1C5EB6}.Release|Any CPU.Build.0 = Release|Any CPU
		{8184633E-444B-4448-A319-016A947FB7AE}.Debug|Any CPU.ActiveCfg = Debug|Any CPU
		{8184633E-444B-4448-A319-016A947FB7AE}.Debug|Any CPU.Build.0 = Debug|Any CPU
		{8184633E-444B-4448-A319-016A947FB7AE}.Release|Any CPU.ActiveCfg = Release|Any CPU
		{8184633E-444B-4448-A319-016A947FB7AE}.Release|Any CPU.Build.0 = Release|Any CPU
	EndGlobalSection
	GlobalSection(SolutionProperties) = preSolution
		HideSolutionNode = FALSE
	EndGlobalSection
	GlobalSection(ExtensibilityGlobals) = postSolution
		SolutionGuid = {2DEF4898-4009-4A3D-9B9E-2C2ECA1AC751}
	EndGlobalSection
EndGlobal
