
Microsoft Visual Studio Solution File, Format Version 12.00
# Visual Studio Version 17
VisualStudioVersion = 17.0.32014.148
MinimumVisualStudioVersion = 10.0.40219.1
Project("{FAE04EC0-301F-11D3-BF4B-00C04F79EFBC}") = "PSP02_Tarea1", "PSP02_Tarea1\PSP02_Tarea1.csproj", "{22D39D49-C379-43B0-B521-377DA001B371}"
EndProject
Global
	GlobalSection(SolutionConfigurationPlatforms) = preSolution
		Debug|Any CPU = Debug|Any CPU
		Release|Any CPU = Release|Any CPU
	EndGlobalSection
	GlobalSection(ProjectConfigurationPlatforms) = postSolution
		{22D39D49-C379-43B0-B521-377DA001B371}.Debug|Any CPU.ActiveCfg = Debug|Any CPU
		{22D39D49-C379-43B0-B521-377DA001B371}.Debug|Any CPU.Build.0 = Debug|Any CPU
		{22D39D49-C379-43B0-B521-377DA001B371}.Release|Any CPU.ActiveCfg = Release|Any CPU
		{22D39D49-C379-43B0-B521-377DA001B371}.Release|Any CPU.Build.0 = Release|Any CPU
	EndGlobalSection
	GlobalSection(SolutionProperties) = preSolution
		HideSolutionNode = FALSE
	EndGlobalSection
	GlobalSection(ExtensibilityGlobals) = postSolution
		SolutionGuid = {C7211EEC-34B1-46DF-AB06-EB791D71B59D}
	EndGlobalSection
EndGlobal
