
Microsoft Visual Studio Solution File, Format Version 12.00
# Visual Studio Version 17
VisualStudioVersion = 17.0.32014.148
MinimumVisualStudioVersion = 10.0.40219.1
Project("{FAE04EC0-301F-11D3-BF4B-00C04F79EFBC}") = "PSP02_Task_EjecucionSecuencial_run", "PSP02_Task_EjecucionSecuencial_run\PSP02_Task_EjecucionSecuencial_run.csproj", "{D4AA4B69-8578-4EB2-BFA2-E899131727BB}"
EndProject
Global
	GlobalSection(SolutionConfigurationPlatforms) = preSolution
		Debug|Any CPU = Debug|Any CPU
		Release|Any CPU = Release|Any CPU
	EndGlobalSection
	GlobalSection(ProjectConfigurationPlatforms) = postSolution
		{D4AA4B69-8578-4EB2-BFA2-E899131727BB}.Debug|Any CPU.ActiveCfg = Debug|Any CPU
		{D4AA4B69-8578-4EB2-BFA2-E899131727BB}.Debug|Any CPU.Build.0 = Debug|Any CPU
		{D4AA4B69-8578-4EB2-BFA2-E899131727BB}.Release|Any CPU.ActiveCfg = Release|Any CPU
		{D4AA4B69-8578-4EB2-BFA2-E899131727BB}.Release|Any CPU.Build.0 = Release|Any CPU
	EndGlobalSection
	GlobalSection(SolutionProperties) = preSolution
		HideSolutionNode = FALSE
	EndGlobalSection
	GlobalSection(ExtensibilityGlobals) = postSolution
		SolutionGuid = {05EAD908-B10D-49D7-8D56-18884E6B1D80}
	EndGlobalSection
EndGlobal
