
Microsoft Visual Studio Solution File, Format Version 12.00
# Visual Studio Version 17
VisualStudioVersion = 17.0.32014.148
MinimumVisualStudioVersion = 10.0.40219.1
Project("{FAE04EC0-301F-11D3-BF4B-00C04F79EFBC}") = "PSP02_Task_TareasSecuenciales2", "PSP02_Task_TareasSecuenciales2\PSP02_Task_TareasSecuenciales2.csproj", "{9623839C-D140-445B-A069-C11AFC8F0361}"
EndProject
Global
	GlobalSection(SolutionConfigurationPlatforms) = preSolution
		Debug|Any CPU = Debug|Any CPU
		Release|Any CPU = Release|Any CPU
	EndGlobalSection
	GlobalSection(ProjectConfigurationPlatforms) = postSolution
		{9623839C-D140-445B-A069-C11AFC8F0361}.Debug|Any CPU.ActiveCfg = Debug|Any CPU
		{9623839C-D140-445B-A069-C11AFC8F0361}.Debug|Any CPU.Build.0 = Debug|Any CPU
		{9623839C-D140-445B-A069-C11AFC8F0361}.Release|Any CPU.ActiveCfg = Release|Any CPU
		{9623839C-D140-445B-A069-C11AFC8F0361}.Release|Any CPU.Build.0 = Release|Any CPU
	EndGlobalSection
	GlobalSection(SolutionProperties) = preSolution
		HideSolutionNode = FALSE
	EndGlobalSection
	GlobalSection(ExtensibilityGlobals) = postSolution
		SolutionGuid = {16E25B36-7D6E-4255-9C78-DE62961744AD}
	EndGlobalSection
EndGlobal
