
Microsoft Visual Studio Solution File, Format Version 12.00
# Visual Studio Version 17
VisualStudioVersion = 17.0.32126.317
MinimumVisualStudioVersion = 10.0.40219.1
Project("{FAE04EC0-301F-11D3-BF4B-00C04F79EFBC}") = "PSP03_Sincrono_TCP_Cliente", "PSP03_Sincrono_TCP_Cliente.csproj", "{2C4AC4D2-05D6-47A6-A1BD-46EE068FA790}"
EndProject
Global
	GlobalSection(SolutionConfigurationPlatforms) = preSolution
		Debug|Any CPU = Debug|Any CPU
		Release|Any CPU = Release|Any CPU
	EndGlobalSection
	GlobalSection(ProjectConfigurationPlatforms) = postSolution
		{2C4AC4D2-05D6-47A6-A1BD-46EE068FA790}.Debug|Any CPU.ActiveCfg = Debug|Any CPU
		{2C4AC4D2-05D6-47A6-A1BD-46EE068FA790}.Debug|Any CPU.Build.0 = Debug|Any CPU
		{2C4AC4D2-05D6-47A6-A1BD-46EE068FA790}.Release|Any CPU.ActiveCfg = Release|Any CPU
		{2C4AC4D2-05D6-47A6-A1BD-46EE068FA790}.Release|Any CPU.Build.0 = Release|Any CPU
	EndGlobalSection
	GlobalSection(SolutionProperties) = preSolution
		HideSolutionNode = FALSE
	EndGlobalSection
	GlobalSection(ExtensibilityGlobals) = postSolution
		SolutionGuid = {A67E4C21-8875-4D0E-B475-023236F9D208}
	EndGlobalSection
EndGlobal
