
Microsoft Visual Studio Solution File, Format Version 12.00
# Visual Studio Version 16
VisualStudioVersion = 16.0.29123.88
MinimumVisualStudioVersion = 10.0.40219.1
Project("{FAE04EC0-301F-11D3-BF4B-00C04F79EFBC}") = "primerosPasos", "primerosPasos.csproj", "{2136A89F-B315-474D-A844-898893909193}"
EndProject
Global
	GlobalSection(SolutionConfigurationPlatforms) = preSolution
		Debug|Any CPU = Debug|Any CPU
		Release|Any CPU = Release|Any CPU
	EndGlobalSection
	GlobalSection(ProjectConfigurationPlatforms) = postSolution
		{2136A89F-B315-474D-A844-898893909193}.Debug|Any CPU.ActiveCfg = Debug|Any CPU
		{2136A89F-B315-474D-A844-898893909193}.Debug|Any CPU.Build.0 = Debug|Any CPU
		{2136A89F-B315-474D-A844-898893909193}.Release|Any CPU.ActiveCfg = Release|Any CPU
		{2136A89F-B315-474D-A844-898893909193}.Release|Any CPU.Build.0 = Release|Any CPU
	EndGlobalSection
	GlobalSection(SolutionProperties) = preSolution
		HideSolutionNode = FALSE
	EndGlobalSection
	GlobalSection(ExtensibilityGlobals) = postSolution
		SolutionGuid = {3F5024EA-690C-4406-A7D8-E8A3AA32DC79}
	EndGlobalSection
EndGlobal
